<?xml version="1.0" encoding="utf-8"?>
<Project ToolsVersion="4.0" xmlns="http://schemas.microsoft.com/developer/msbuild/2003">
  <ItemGroup>
    <Filter Include="소스 파일">
      <UniqueIdentifier>{4FC737F1-C7A5-4376-A066-2A32D752A2FF}</UniqueIdentifier>
      <Extensions>cpp;c;cc;cxx;c++;cppm;ixx;def;odl;idl;hpj;bat;asm;asmx</Extensions>
    </Filter>
    <Filter Include="헤더 파일">
      <UniqueIdentifier>{93995380-89BD-4b04-88EB-625FBE52EBFB}</UniqueIdentifier>
      <Extensions>h;hh;hpp;hxx;h++;hm;inl;inc;ipp;xsd</Extensions>
    </Filter>
    <Filter Include="리소스 파일">
      <UniqueIdentifier>{67DA6AB6-F800-4c08-8B7A-83BB121AAD01}</UniqueIdentifier>
      <Extensions>rc;ico;cur;bmp;dlg;rc2;rct;bin;rgs;gif;jpg;jpeg;jpe;resx;tiff;tif;png;wav;mfcribbon-ms</Extensions>
    </Filter>
    <Filter Include="소스 파일\Dungeon">
      <UniqueIdentifier>{d107e39b-6a0e-4a9e-a539-c53b3ea510e2}</UniqueIdentifier>
    </Filter>
    <Filter Include="소스 파일\Item">
      <UniqueIdentifier>{5a719adc-db3f-4a5c-b00f-31522d07a31e}</UniqueIdentifier>
    </Filter>
    <Filter Include="소스 파일\Manager">
      <UniqueIdentifier>{bc6f5084-2d11-4b9e-a122-0ac82ad468fe}</UniqueIdentifier>
    </Filter>
    <Filter Include="소스 파일\Skill">
      <UniqueIdentifier>{c8c94814-54e0-49fc-b923-b6d30e9b8b85}</UniqueIdentifier>
    </Filter>
    <Filter Include="소스 파일\StatusEffect">
      <UniqueIdentifier>{e35d26d1-828b-43bd-bbaa-af2f550149e8}</UniqueIdentifier>
    </Filter>
    <Filter Include="소스 파일\Character">
      <UniqueIdentifier>{807c1098-774d-4c02-b3bd-d5e7c3c72cbb}</UniqueIdentifier>
    </Filter>
    <Filter Include="소스 파일\Character\Player">
      <UniqueIdentifier>{34cb5684-04fb-463b-8872-243da90680e1}</UniqueIdentifier>
    </Filter>
    <Filter Include="소스 파일\Character\Monster">
      <UniqueIdentifier>{50d8907b-9ea2-493e-9551-eb8732b90663}</UniqueIdentifier>
    </Filter>
    <Filter Include="소스 파일\Character\Monster\Slime">
      <UniqueIdentifier>{86a55d32-e870-4dd8-a82e-65ee663e7f7e}</UniqueIdentifier>
    </Filter>
    <Filter Include="소스 파일\Character\Monster\Goblin">
      <UniqueIdentifier>{410ca64d-f9c1-49ac-a368-a7f427d9909a}</UniqueIdentifier>
    </Filter>
    <Filter Include="소스 파일\Character\Monster\Owk">
      <UniqueIdentifier>{6811322e-d8ee-4dc3-b596-65066caf1ed1}</UniqueIdentifier>
    </Filter>
    <Filter Include="소스 파일\Character\Monster\Dragon">
      <UniqueIdentifier>{9605a419-9bed-4902-81b6-109103ffed5f}</UniqueIdentifier>
    </Filter>
    <Filter Include="소스 파일\AsciiArt">
      <UniqueIdentifier>{1a3ae964-6075-4a07-b0bb-c8ec6c6e5a0c}</UniqueIdentifier>
    </Filter>
    <Filter Include="소스 파일\Inventory">
      <UniqueIdentifier>{ac1d771f-2a93-4cca-82af-e7add1d73d22}</UniqueIdentifier>
    </Filter>
    <Filter Include="소스 파일\Store">
      <UniqueIdentifier>{b7c7a603-6edf-4508-b033-b1eccfe2d4a4}</UniqueIdentifier>
    </Filter>
  </ItemGroup>
  <ItemGroup>
    <ClCompile Include="main.cpp">
      <Filter>소스 파일</Filter>
    </ClCompile>
    <ClCompile Include="Manager\GameManager.cpp">
      <Filter>소스 파일\Manager</Filter>
    </ClCompile>
    <ClCompile Include="Manager\LogManager.cpp">
      <Filter>소스 파일\Manager</Filter>
    </ClCompile>
    <ClCompile Include="Dungeon\Dungeon.cpp">
      <Filter>소스 파일\Dungeon</Filter>
    </ClCompile>
    <ClCompile Include="StatusEffect\StatusEffect.cpp">
      <Filter>소스 파일\StatusEffect</Filter>
    </ClCompile>
    <ClCompile Include="Skill\Skill.cpp">
      <Filter>소스 파일\Skill</Filter>
    </ClCompile>
    <ClCompile Include="Character\Character.cpp">
      <Filter>소스 파일\Character</Filter>
    </ClCompile>
    <ClCompile Include="Character\Player\Player.cpp">
      <Filter>소스 파일\Character\Player</Filter>
    </ClCompile>
    <ClCompile Include="Manager\SoundManager.cpp">
      <Filter>소스 파일\Manager</Filter>
    </ClCompile>
    <ClCompile Include="Character\Monster\Dragon\Drake.cpp">
      <Filter>소스 파일\Character\Monster\Dragon</Filter>
    </ClCompile>
    <ClCompile Include="Character\Monster\Dragon\TransparentDragon.cpp">
      <Filter>소스 파일\Character\Monster\Dragon</Filter>
    </ClCompile>
    <ClCompile Include="Character\Monster\Dragon\Wyvern.cpp">
      <Filter>소스 파일\Character\Monster\Dragon</Filter>
    </ClCompile>
    <ClCompile Include="Character\Monster\Goblin\GoblinArcher.cpp">
      <Filter>소스 파일\Character\Monster\Goblin</Filter>
    </ClCompile>
    <ClCompile Include="Character\Monster\Goblin\GoblinSorcerer.cpp">
      <Filter>소스 파일\Character\Monster\Goblin</Filter>
    </ClCompile>
    <ClCompile Include="Character\Monster\Goblin\GoblinWarrior.cpp">
      <Filter>소스 파일\Character\Monster\Goblin</Filter>
    </ClCompile>
    <ClCompile Include="Character\Monster\Owk\OwkChief.cpp">
      <Filter>소스 파일\Character\Monster\Owk</Filter>
    </ClCompile>
    <ClCompile Include="Character\Monster\Owk\OwkSorcerer.cpp">
      <Filter>소스 파일\Character\Monster\Owk</Filter>
    </ClCompile>
    <ClCompile Include="Character\Monster\Owk\OwkWarrior.cpp">
      <Filter>소스 파일\Character\Monster\Owk</Filter>
    </ClCompile>
    <ClCompile Include="Character\Monster\Slime\GreenSlime.cpp">
      <Filter>소스 파일\Character\Monster\Slime</Filter>
    </ClCompile>
    <ClCompile Include="Character\Monster\Slime\HornSlime.cpp">
      <Filter>소스 파일\Character\Monster\Slime</Filter>
    </ClCompile>
    <ClCompile Include="Character\Monster\Slime\KingSlime.cpp">
      <Filter>소스 파일\Character\Monster\Slime</Filter>
    </ClCompile>
    <ClCompile Include="Character\Monster\Slime\PoisonSlime.cpp">
      <Filter>소스 파일\Character\Monster\Slime</Filter>
    </ClCompile>
    <ClCompile Include="Character\Monster\Monster.cpp">
      <Filter>소스 파일\Character\Monster</Filter>
    </ClCompile>
    <ClCompile Include="Workshop\Store.cpp">
      <Filter>소스 파일\Workshop</Filter>
    </ClCompile>
    <ClCompile Include="Item\ConsumableItem.cpp">
      <Filter>소스 파일\Item</Filter>
    </ClCompile>
    <ClCompile Include="Item\EquipmentItem.cpp">
      <Filter>소스 파일\Item</Filter>
    </ClCompile>
    <ClCompile Include="Inventory\Inventory.cpp">
      <Filter>소스 파일</Filter>
    </ClCompile>
    <ClCompile Include="SkillManager.cpp">
      <Filter>소스 파일\Manager</Filter>
    </ClCompile>
  </ItemGroup>
  <ItemGroup>
    <ClInclude Include="Manager\GameManager.h">
      <Filter>소스 파일\Manager</Filter>
    </ClInclude>
    <ClInclude Include="Manager\LogManager.h">
      <Filter>소스 파일\Manager</Filter>
    </ClInclude>
    <ClInclude Include="Dungeon\Dungeon.h">
      <Filter>소스 파일\Dungeon</Filter>
    </ClInclude>
    <ClInclude Include="Enums.h">
      <Filter>헤더 파일</Filter>
    </ClInclude>
    <ClInclude Include="Global.h">
      <Filter>헤더 파일</Filter>
    </ClInclude>
    <ClInclude Include="StatusEffect\StatusEffect.h">
      <Filter>소스 파일\StatusEffect</Filter>
    </ClInclude>
    <ClInclude Include="Skill\Skill.h">
      <Filter>소스 파일\Skill</Filter>
    </ClInclude>
    <ClInclude Include="Character\Character.h">
      <Filter>소스 파일\Character</Filter>
    </ClInclude>
    <ClInclude Include="Character\Player\Player.h">
      <Filter>소스 파일\Character\Player</Filter>
    </ClInclude>
    <ClInclude Include="Manager\SoundManager.h">
      <Filter>소스 파일\Manager</Filter>
    </ClInclude>
    <ClInclude Include="Character\Monster\Dragon\Drake.h">
      <Filter>소스 파일\Character\Monster\Dragon</Filter>
    </ClInclude>
    <ClInclude Include="Character\Monster\Dragon\TransparentDragon.h">
      <Filter>소스 파일\Character\Monster\Dragon</Filter>
    </ClInclude>
    <ClInclude Include="Character\Monster\Dragon\Wyvern.h">
      <Filter>소스 파일\Character\Monster\Dragon</Filter>
    </ClInclude>
    <ClInclude Include="Character\Monster\Goblin\GoblinArcher.h">
      <Filter>소스 파일\Character\Monster\Goblin</Filter>
    </ClInclude>
    <ClInclude Include="Character\Monster\Goblin\GoblinSorcerer.h">
      <Filter>소스 파일\Character\Monster\Goblin</Filter>
    </ClInclude>
    <ClInclude Include="Character\Monster\Goblin\GoblinWarrior.h">
      <Filter>소스 파일\Character\Monster\Goblin</Filter>
    </ClInclude>
    <ClInclude Include="Character\Monster\Owk\OwkChief.h">
      <Filter>소스 파일\Character\Monster\Owk</Filter>
    </ClInclude>
    <ClInclude Include="Character\Monster\Owk\OwkSorcerer.h">
      <Filter>소스 파일\Character\Monster\Owk</Filter>
    </ClInclude>
    <ClInclude Include="Character\Monster\Owk\OwkWarrior.h">
      <Filter>소스 파일\Character\Monster\Owk</Filter>
    </ClInclude>
    <ClInclude Include="Character\Monster\Slime\GreenSlime.h">
      <Filter>소스 파일\Character\Monster\Slime</Filter>
    </ClInclude>
    <ClInclude Include="Character\Monster\Slime\HornSlime.h">
      <Filter>소스 파일\Character\Monster\Slime</Filter>
    </ClInclude>
    <ClInclude Include="Character\Monster\Slime\KingSlime.h">
      <Filter>소스 파일\Character\Monster\Slime</Filter>
    </ClInclude>
    <ClInclude Include="Character\Monster\Slime\PoisonSlime.h">
      <Filter>소스 파일\Character\Monster\Slime</Filter>
    </ClInclude>
    <ClInclude Include="Character\Monster\Monster.h">
      <Filter>소스 파일\Character\Monster</Filter>
    </ClInclude>
    <ClInclude Include="Item\Item.h">
      <Filter>소스 파일\Item</Filter>
    </ClInclude>
    <ClInclude Include="AsciiArt\SceneAsciiArt.h">
      <Filter>소스 파일\AsciiArt</Filter>
    </ClInclude>
    <ClInclude Include="AsciiArt\MonsterAsciiArt.h">
      <Filter>소스 파일\AsciiArt</Filter>
    </ClInclude>
    <ClInclude Include="Inventory\Inventory.h">
      <Filter>헤더 파일</Filter>
    </ClInclude>
    <ClInclude Include="SkillManager.h">
      <Filter>소스 파일\Manager</Filter>
    </ClInclude>
  </ItemGroup>
</Project>